{
  "nodes": {
    "dots-hyprland": {
      "flake": false,
      "locked": {
        "lastModified": 1778780609,
        "narHash": "sha256-GVBX3nGQ3KeihmjRN3TU064tt2UaaHjIOjf/Fr4rxc8=",
        "owner": "end-4",
        "repo": "dots-hyprland",
        "rev": "68c67aced4dfd4e693dfff7487db2e5fad864059",
        "type": "github"
      },
      "original": {
        "owner": "end-4",
        "repo": "dots-hyprland",
        "type": "github"
      }
    },
    "home-manager": {
      "inputs": {
        "nixpkgs": [
          "nixpkgs"
        ]
      },
      "locked": {
        "lastModified": 1778853583,
        "narHash": "sha256-0P4/nDOxxufeh5SD5vqpfFw0n4mq29WZISYAgfryD3Y=",
        "owner": "nix-community",
        "repo": "home-manager",
        "rev": "1bedcc8740b9aa2f7d3e1312a6c88baf00909f54",
        "type": "github"
      },
      "original": {
        "owner": "nix-community",
        "repo": "home-manager",
        "type": "github"
      }
    },
    "ly-blackhole": {
      "flake": false,
      "locked": {
        "narHash": "sha256-7M+0beB6GV1iD1OMFPGNeRjnAyZ4tYogbOEOTb3Edho=",
        "type": "file",
        "url": "https://codeberg.org/attachments/f336d6ac-8331-4323-91fc-0e4619803401"
      },
      "original": {
        "type": "file",
        "url": "https://codeberg.org/attachments/f336d6ac-8331-4323-91fc-0e4619803401"
      }
    },
    "nix-flatpak": {
      "locked": {
        "lastModified": 1767983141,
        "narHash": "sha256-7ZCulYUD9RmJIDULTRkGLSW1faMpDlPKcbWJLYHoXcs=",
        "owner": "gmodena",
        "repo": "nix-flatpak",
        "rev": "440818969ac2cbd77bfe025e884d0aa528991374",
        "type": "github"
      },
      "original": {
        "owner": "gmodena",
        "ref": "latest",
        "repo": "nix-flatpak",
        "type": "github"
      }
    },
    "nixpkgs": {
      "locked": {
        "lastModified": 1778443072,
        "narHash": "sha256-zi7/fsqM/kFdNuED//4WOCUtezGtKKqRNORjMvfwjnA=",
        "owner": "NixOS",
        "repo": "nixpkgs",
        "rev": "da5ad661ba4e5ef59ba743f0d112cbc30e474f32",
        "type": "github"
      },
      "original": {
        "owner": "NixOS",
        "ref": "nixos-unstable",
        "repo": "nixpkgs",
        "type": "github"
      }
    },
    "quickshell": {
      "inputs": {
        "dots-hyprland": "dots-hyprland",
        "nixpkgs": [
          "nixpkgs"
        ],
        "quickshell": "quickshell_2"
      },
      "locked": {
        "path": "../quickshell",
        "type": "path"
      },
      "original": {
        "path": "../quickshell",
        "type": "path"
      },
      "parent": []
    },
    "quickshell_2": {
      "inputs": {
        "nixpkgs": [
          "quickshell",
          "nixpkgs"
        ]
      },
      "locked": {
        "lastModified": 1777341401,
        "narHash": "sha256-QEAVYeXxvTamsYJVBq8+qSJV9ml2MxqRaZvkobfuPWA=",
        "ref": "refs/heads/master",
        "rev": "0baa81aa03559ca315668e5a306364cddf1a6f49",
        "revCount": 812,
        "type": "git",
        "url": "https://git.outfoxxed.me/quickshell/quickshell"
      },
      "original": {
        "type": "git",
        "url": "https://git.outfoxxed.me/quickshell/quickshell"
      }
    },
    "root": {
      "inputs": {
        "home-manager": "home-manager",
        "ly-blackhole": "ly-blackhole",
        "nix-flatpak": "nix-flatpak",
        "nixpkgs": "nixpkgs",
        "quickshell": "quickshell"
      }
    }
  },
  "root": "root",
  "version": 7
}
